
Microsoft Visual Studio Solution File, Format Version 12.00
# Visual Studio Version 17
VisualStudioVersion = 17.1.32210.238
MinimumVisualStudioVersion = 10.0.40219.1
Project("{FAE04EC0-301F-11D3-BF4B-00C04F79EFBC}") = "SimpleQuestion(Another variant)", "SimpleQuestion(Another variant)\SimpleQuestion(Another variant).csproj", "{8F7A4528-C3B7-4236-8B0F-D8F557858AB5}"
EndProject
Global
	GlobalSection(SolutionConfigurationPlatforms) = preSolution
		Debug|Any CPU = Debug|Any CPU
		Release|Any CPU = Release|Any CPU
	EndGlobalSection
	GlobalSection(ProjectConfigurationPlatforms) = postSolution
		{8F7A4528-C3B7-4236-8B0F-D8F557858AB5}.Debug|Any CPU.ActiveCfg = Debug|Any CPU
		{8F7A4528-C3B7-4236-8B0F-D8F557858AB5}.Debug|Any CPU.Build.0 = Debug|Any CPU
		{8F7A4528-C3B7-4236-8B0F-D8F557858AB5}.Release|Any CPU.ActiveCfg = Release|Any CPU
		{8F7A4528-C3B7-4236-8B0F-D8F557858AB5}.Release|Any CPU.Build.0 = Release|Any CPU
	EndGlobalSection
	GlobalSection(SolutionProperties) = preSolution
		HideSolutionNode = FALSE
	EndGlobalSection
	GlobalSection(ExtensibilityGlobals) = postSolution
		SolutionGuid = {42708BD5-3F44-47BA-AAB4-94A85602179A}
	EndGlobalSection
EndGlobal
